// !$*UTF8*$!
{
	archiveVersion = 1;
	classes = {
	};
	objectVersion = 48;
	objects = {

/* Begin PBXBuildFile section */
		24370DCF21FF0D07001CD868 /* AppDelegate.swift in Sources */ = {isa = PBXBuildFile; fileRef = 24370DCE21FF0D07001CD868 /* AppDelegate.swift */; };
		24370DD121FF0D07001CD868 /* ViewController.swift in Sources */ = {isa = PBXBuildFile; fileRef = 24370DD021FF0D07001CD868 /* ViewController.swift */; };
		24370DD421FF0D07001CD868 /* Main.storyboard in Resources */ = {isa = PBXBuildFile; fileRef = 24370DD221FF0D07001CD868 /* Main.storyboard */; };
		24370DD621FF0D07001CD868 /* Assets.xcassets in Resources */ = {isa = PBXBuildFile; fileRef = 24370DD521FF0D07001CD868 /* Assets.xcassets */; };
		24370DD921FF0D07001CD868 /* LaunchScreen.storyboard in Resources */ = {isa = PBXBuildFile; fileRef = 24370DD721FF0D07001CD868 /* LaunchScreen.storyboard */; };
		24560D2622007623004C936E /* CustomTextField.swift in Sources */ = {isa = PBXBuildFile; fileRef = 24560D2522007623004C936E /* CustomTextField.swift */; };
		24560D2822008FA0004C936E /* TextFieldTableView.swift in Sources */ = {isa = PBXBuildFile; fileRef = 24560D2722008FA0004C936E /* TextFieldTableView.swift */; };
		24D1F1A121FF17DC00AD8899 /* TableViewController.swift in Sources */ = {isa = PBXBuildFile; fileRef = 24D1F1A021FF17DC00AD8899 /* TableViewController.swift */; };
		24D1F1A321FF180300AD8899 /* TableViewCell.swift in Sources */ = {isa = PBXBuildFile; fileRef = 24D1F1A221FF180300AD8899 /* TableViewCell.swift */; };
		24EFD8022201AB3C0083F8CD /* AppDataSource.swift in Sources */ = {isa = PBXBuildFile; fileRef = 24EFD8012201AB3C0083F8CD /* AppDataSource.swift */; };
/* End PBXBuildFile section */

/* Begin PBXFileReference section */
		24370DCB21FF0D07001CD868 /* RamotionTableViewApp.app */ = {isa = PBXFileReference; explicitFileType = wrapper.application; includeInIndex = 0; path = RamotionTableViewApp.app; sourceTree = BUILT_PRODUCTS_DIR; };
		24370DCE21FF0D07001CD868 /* AppDelegate.swift */ = {isa = PBXFileReference; lastKnownFileType = sourcecode.swift; path = AppDelegate.swift; sourceTree = "<group>"; };
		24370DD021FF0D07001CD868 /* ViewController.swift */ = {isa = PBXFileReference; lastKnownFileType = sourcecode.swift; path = ViewController.swift; sourceTree = "<group>"; };
		24370DD321FF0D07001CD868 /* Base */ = {isa = PBXFileReference; lastKnownFileType = file.storyboard; name = Base; path = Base.lproj/Main.storyboard; sourceTree = "<group>"; };
		24370DD521FF0D07001CD868 /* Assets.xcassets */ = {isa = PBXFileReference; lastKnownFileType = folder.assetcatalog; path = Assets.xcassets; sourceTree = "<group>"; };
		24370DD821FF0D07001CD868 /* Base */ = {isa = PBXFileReference; lastKnownFileType = file.storyboard; name = Base; path = Base.lproj/LaunchScreen.storyboard; sourceTree = "<group>"; };
		24370DDA21FF0D07001CD868 /* Info.plist */ = {isa = PBXFileReference; lastKnownFileType = text.plist.xml; path = Info.plist; sourceTree = "<group>"; };
		24560D2522007623004C936E /* CustomTextField.swift */ = {isa = PBXFileReference; lastKnownFileType = sourcecode.swift; path = CustomTextField.swift; sourceTree = "<group>"; };
		24560D2722008FA0004C936E /* TextFieldTableView.swift */ = {isa = PBXFileReference; lastKnownFileType = sourcecode.swift; path = TextFieldTableView.swift; sourceTree = "<group>"; };
		24D1F1A021FF17DC00AD8899 /* TableViewController.swift */ = {isa = PBXFileReference; lastKnownFileType = sourcecode.swift; path = TableViewController.swift; sourceTree = "<group>"; };
		24D1F1A221FF180300AD8899 /* TableViewCell.swift */ = {isa = PBXFileReference; lastKnownFileType = sourcecode.swift; path = TableViewCell.swift; sourceTree = "<group>"; };
		24EFD8012201AB3C0083F8CD /* AppDataSource.swift */ = {isa = PBXFileReference; lastKnownFileType = sourcecode.swift; path = AppDataSource.swift; sourceTree = "<group>"; };
/* End PBXFileReference section */

/* Begin PBXFrameworksBuildPhase section */
		24370DC821FF0D07001CD868 /* Frameworks */ = {
			isa = PBXFrameworksBuildPhase;
			buildActionMask = 2147483647;
			files = (
			);
			runOnlyForDeploymentPostprocessing = 0;
		};
/* End PBXFrameworksBuildPhase section */

/* Begin PBXGroup section */
		24370DC221FF0D07001CD868 = {
			isa = PBXGroup;
			children = (
				24370DCD21FF0D07001CD868 /* RamotionTableViewApp */,
				24370DCC21FF0D07001CD868 /* Products */,
			);
			sourceTree = "<group>";
		};
		24370DCC21FF0D07001CD868 /* Products */ = {
			isa = PBXGroup;
			children = (
				24370DCB21FF0D07001CD868 /* RamotionTableViewApp.app */,
			);
			name = Products;
			sourceTree = "<group>";
		};
		24370DCD21FF0D07001CD868 /* RamotionTableViewApp */ = {
			isa = PBXGroup;
			children = (
				24370DCE21FF0D07001CD868 /* AppDelegate.swift */,
				24EFD8012201AB3C0083F8CD /* AppDataSource.swift */,
				24370DD021FF0D07001CD868 /* ViewController.swift */,
				24D1F1A021FF17DC00AD8899 /* TableViewController.swift */,
				24D1F1A221FF180300AD8899 /* TableViewCell.swift */,
				24560D2722008FA0004C936E /* TextFieldTableView.swift */,
				24560D2522007623004C936E /* CustomTextField.swift */,
				24370DD221FF0D07001CD868 /* Main.storyboard */,
				24370DD521FF0D07001CD868 /* Assets.xcassets */,
				24370DD721FF0D07001CD868 /* LaunchScreen.storyboard */,
				24370DDA21FF0D07001CD868 /* Info.plist */,
			);
			path = RamotionTableViewApp;
			sourceTree = "<group>";
		};
/* End PBXGroup section */

/* Begin PBXNativeTarget section */
		24370DCA21FF0D07001CD868 /* RamotionTableViewApp */ = {
			isa = PBXNativeTarget;
			buildConfigurationList = 24370DDD21FF0D07001CD868 /* Build configuration list for PBXNativeTarget "RamotionTableViewApp" */;
			buildPhases = (
				24370DC721FF0D07001CD868 /* Sources */,
				24370DC821FF0D07001CD868 /* Frameworks */,
				24370DC921FF0D07001CD868 /* Resources */,
			);
			buildRules = (
			);
			dependencies = (
			);
			name = RamotionTableViewApp;
			productName = RamotionTableViewApp;
			productReference = 24370DCB21FF0D07001CD868 /* RamotionTableViewApp.app */;
			productType = "com.apple.product-type.application";
		};
/* End PBXNativeTarget section */

/* Begin PBXProject section */
		24370DC321FF0D07001CD868 /* Project object */ = {
			isa = PBXProject;
			attributes = {
				LastSwiftUpdateCheck = 0920;
				LastUpgradeCheck = 0920;
				ORGANIZATIONNAME = "Viktor Bednyi Inc";
				TargetAttributes = {
					24370DCA21FF0D07001CD868 = {
						CreatedOnToolsVersion = 9.2;
						ProvisioningStyle = Automatic;
					};
				};
			};
			buildConfigurationList = 24370DC621FF0D07001CD868 /* Build configuration list for PBXProject "RamotionTableViewApp" */;
			compatibilityVersion = "Xcode 8.0";
			developmentRegion = en;
			hasScannedForEncodings = 0;
			knownRegions = (
				en,
				Base,
			);
			mainGroup = 24370DC221FF0D07001CD868;
			productRefGroup = 24370DCC21FF0D07001CD868 /* Products */;
			projectDirPath = "";
			projectRoot = "";
			targets = (
				24370DCA21FF0D07001CD868 /* RamotionTableViewApp */,
			);
		};
/* End PBXProject section */

/* Begin PBXResourcesBuildPhase section */
		24370DC921FF0D07001CD868 /* Resources */ = {
			isa = PBXResourcesBuildPhase;
			buildActionMask = 2147483647;
			files = (
				24370DD921FF0D07001CD868 /* LaunchScreen.storyboard in Resources */,
				24370DD621FF0D07001CD868 /* Assets.xcassets in Resources */,
				24370DD421FF0D07001CD868 /* Main.storyboard in Resources */,
			);
			runOnlyForDeploymentPostprocessing = 0;
		};
/* End PBXResourcesBuildPhase section */

/* Begin PBXSourcesBuildPhase section */
		24370DC721FF0D07001CD868 /* Sources */ = {
			isa = PBXSourcesBuildPhase;
			buildActionMask = 2147483647;
			files = (
				24370DD121FF0D07001CD868 /* ViewController.swift in Sources */,
				24D1F1A321FF180300AD8899 /* TableViewCell.swift in Sources */,
				24EFD8022201AB3C0083F8CD /* AppDataSource.swift in Sources */,
				24D1F1A121FF17DC00AD8899 /* TableViewController.swift in Sources */,
				24370DCF21FF0D07001CD868 /* AppDelegate.swift in Sources */,
				24560D2622007623004C936E /* CustomTextField.swift in Sources */,
				24560D2822008FA0004C936E /* TextFieldTableView.swift in Sources */,
			);
			runOnlyForDeploymentPostprocessing = 0;
		};
/* End PBXSourcesBuildPhase section */

/* Begin PBXVariantGroup section */
		24370DD221FF0D07001CD868 /* Main.storyboard */ = {
			isa = PBXVariantGroup;
			children = (
				24370DD321FF0D07001CD868 /* Base */,
			);
			name = Main.storyboard;
			sourceTree = "<group>";
		};
		24370DD721FF0D07001CD868 /* LaunchScreen.storyboard */ = {
			isa = PBXVariantGroup;
			children = (
				24370DD821FF0D07001CD868 /* Base */,
			);
			name = LaunchScreen.storyboard;
			sourceTree = "<group>";
		};
/* End PBXVariantGroup section */

/* Begin XCBuildConfiguration section */
		24370DDB21FF0D07001CD868 /* Debug */ = {
			isa = XCBuildConfiguration;
			buildSettings = {
				ALWAYS_SEARCH_USER_PATHS = NO;
				CLANG_ANALYZER_NONNULL = YES;
				CLANG_ANALYZER_NUMBER_OBJECT_CONVERSION = YES_AGGRESSIVE;
				CLANG_CXX_LANGUAGE_STANDARD = "gnu++14";
				CLANG_CXX_LIBRARY = "libc++";
				CLANG_ENABLE_MODULES = YES;
				CLANG_ENABLE_OBJC_ARC = YES;
				CLANG_WARN_BLOCK_CAPTURE_AUTORELEASING = YES;
				CLANG_WARN_BOOL_CONVERSION = YES;
				CLANG_WARN_COMMA = YES;
				CLANG_WARN_CONSTANT_CONVERSION = YES;
				CLANG_WARN_DIRECT_OBJC_ISA_USAGE = YES_ERROR;
				CLANG_WARN_DOCUMENTATION_COMMENTS = YES;
				CLANG_WARN_EMPTY_BODY = YES;
				CLANG_WARN_ENUM_CONVERSION = YES;
				CLANG_WARN_INFINITE_RECURSION = YES;
				CLANG_WARN_INT_CONVERSION = YES;
				CLANG_WARN_NON_LITERAL_NULL_CONVERSION = YES;
				CLANG_WARN_OBJC_LITERAL_CONVERSION = YES;
				CLANG_WARN_OBJC_ROOT_CLASS = YES_ERROR;
				CLANG_WARN_RANGE_LOOP_ANALYSIS = YES;
				CLANG_WARN_STRICT_PROTOTYPES = YES;
				CLANG_WARN_SUSPICIOUS_MOVE = YES;
				CLANG_WARN_UNGUARDED_AVAILABILITY = YES_AGGRESSIVE;
				CLANG_WARN_UNREACHABLE_CODE = YES;
				CLANG_WARN__DUPLICATE_METHOD_MATCH = YES;
				CODE_SIGN_IDENTITY = "iPhone Developer";
				COPY_PHASE_STRIP = NO;
				DEBUG_INFORMATION_FORMAT = dwarf;
				ENABLE_STRICT_OBJC_MSGSEND = YES;
				ENABLE_TESTABILITY = YES;
				GCC_C_LANGUAGE_STANDARD = gnu11;
				GCC_DYNAMIC_NO_PIC = NO;
				GCC_NO_COMMON_BLOCKS = YES;
				GCC_OPTIMIZATION_LEVEL = 0;
				GCC_PREPROCESSOR_DEFINITIONS = (
					"DEBUG=1",
					"$(inherited)",
				);
				GCC_WARN_64_TO_32_BIT_CONVERSION = YES;
				GCC_WARN_ABOUT_RETURN_TYPE = YES_ERROR;
				GCC_WARN_UNDECLARED_SELECTOR = YES;
				GCC_WARN_UNINITIALIZED_AUTOS = YES_AGGRESSIVE;
				GCC_WARN_UNUSED_FUNCTION = YES;
				GCC_WARN_UNUSED_VARIABLE = YES;
				IPHONEOS_DEPLOYMENT_TARGET = 11.2;
				MTL_ENABLE_DEBUG_INFO = YES;
				ONLY_ACTIVE_ARCH = YES;
				SDKROOT = iphoneos;
				SWIFT_ACTIVE_COMPILATION_CONDITIONS = DEBUG;
				SWIFT_OPTIMIZATION_LEVEL = "-Onone";
			};
			name = Debug;
		};
		24370DDC21FF0D07001CD868 /* Release */ = {
			isa = XCBuildConfiguration;
			buildSettings = {
				ALWAYS_SEARCH_USER_PATHS = NO;
				CLANG_ANALYZER_NONNULL = YES;
				CLANG_ANALYZER_NUMBER_OBJECT_CONVERSION = YES_AGGRESSIVE;
				CLANG_CXX_LANGUAGE_STANDARD = "gnu++14";
				CLANG_CXX_LIBRARY = "libc++";
				CLANG_ENABLE_MODULES = YES;
				CLANG_ENABLE_OBJC_ARC = YES;
				CLANG_WARN_BLOCK_CAPTURE_AUTORELEASING = YES;
				CLANG_WARN_BOOL_CONVERSION = YES;
				CLANG_WARN_COMMA = YES;
				CLANG_WARN_CONSTANT_CONVERSION = YES;
				CLANG_WARN_DIRECT_OBJC_ISA_USAGE = YES_ERROR;
				CLANG_WARN_DOCUMENTATION_COMMENTS = YES;
				CLANG_WARN_EMPTY_BODY = YES;
				CLANG_WARN_ENUM_CONVERSION = YES;
				CLANG_WARN_INFINITE_RECURSION = YES;
				CLANG_WARN_INT_CONVERSION = YES;
				CLANG_WARN_NON_LITERAL_NULL_CONVERSION = YES;
				CLANG_WARN_OBJC_LITERAL_CONVERSION = YES;
				CLANG_WARN_OBJC_ROOT_CLASS = YES_ERROR;
				CLANG_WARN_RANGE_LOOP_ANALYSIS = YES;
				CLANG_WARN_STRICT_PROTOTYPES = YES;
				CLANG_WARN_SUSPICIOUS_MOVE = YES;
				CLANG_WARN_UNGUARDED_AVAILABILITY = YES_AGGRESSIVE;
				CLANG_WARN_UNREACHABLE_CODE = YES;
				CLANG_WARN__DUPLICATE_METHOD_MATCH = YES;
				CODE_SIGN_IDENTITY = "iPhone Developer";
				COPY_PHASE_STRIP = NO;
				DEBUG_INFORMATION_FORMAT = "dwarf-with-dsym";
				ENABLE_NS_ASSERTIONS = NO;
				ENABLE_STRICT_OBJC_MSGSEND = YES;
				GCC_C_LANGUAGE_STANDARD = gnu11;
				GCC_NO_COMMON_BLOCKS = YES;
				GCC_WARN_64_TO_32_BIT_CONVERSION = YES;
				GCC_WARN_ABOUT_RETURN_TYPE = YES_ERROR;
				GCC_WARN_UNDECLARED_SELECTOR = YES;
				GCC_WARN_UNINITIALIZED_AUTOS = YES_AGGRESSIVE;
				GCC_WARN_UNUSED_FUNCTION = YES;
				GCC_WARN_UNUSED_VARIABLE = YES;
				IPHONEOS_DEPLOYMENT_TARGET = 11.2;
				MTL_ENABLE_DEBUG_INFO = NO;
				SDKROOT = iphoneos;
				SWIFT_OPTIMIZATION_LEVEL = "-Owholemodule";
				VALIDATE_PRODUCT = YES;
			};
			name = Release;
		};
		24370DDE21FF0D07001CD868 /* Debug */ = {
			isa = XCBuildConfiguration;
			buildSettings = {
				ASSETCATALOG_COMPILER_APPICON_NAME = AppIcon;
				CODE_SIGN_STYLE = Automatic;
				DEVELOPMENT_TEAM = 2U726694BU;
				INFOPLIST_FILE = RamotionTableViewApp/Info.plist;
				LD_RUNPATH_SEARCH_PATHS = "$(inherited) @executable_path/Frameworks";
				PRODUCT_BUNDLE_IDENTIFIER = viktors.new.way.RamotionTableViewApp;
				PRODUCT_NAME = "$(TARGET_NAME)";
				SWIFT_VERSION = 4.0;
				TARGETED_DEVICE_FAMILY = "1,2";
			};
			name = Debug;
		};
		24370DDF21FF0D07001CD868 /* Release */ = {
			isa = XCBuildConfiguration;
			buildSettings = {
				ASSETCATALOG_COMPILER_APPICON_NAME = AppIcon;
				CODE_SIGN_STYLE = Automatic;
				DEVELOPMENT_TEAM = 2U726694BU;
				INFOPLIST_FILE = RamotionTableViewApp/Info.plist;
				LD_RUNPATH_SEARCH_PATHS = "$(inherited) @executable_path/Frameworks";
				PRODUCT_BUNDLE_IDENTIFIER = viktors.new.way.RamotionTableViewApp;
				PRODUCT_NAME = "$(TARGET_NAME)";
				SWIFT_VERSION = 4.0;
				TARGETED_DEVICE_FAMILY = "1,2";
			};
			name = Release;
		};
/* End XCBuildConfiguration section */

/* Begin XCConfigurationList section */
		24370DC621FF0D07001CD868 /* Build configuration list for PBXProject "RamotionTableViewApp" */ = {
			isa = XCConfigurationList;
			buildConfigurations = (
				24370DDB21FF0D07001CD868 /* Debug */,
				24370DDC21FF0D07001CD868 /* Release */,
			);
			defaultConfigurationIsVisible = 0;
			defaultConfigurationName = Release;
		};
		24370DDD21FF0D07001CD868 /* Build configuration list for PBXNativeTarget "RamotionTableViewApp" */ = {
			isa = XCConfigurationList;
			buildConfigurations = (
				24370DDE21FF0D07001CD868 /* Debug */,
				24370DDF21FF0D07001CD868 /* Release */,
			);
			defaultConfigurationIsVisible = 0;
			defaultConfigurationName = Release;
		};
/* End XCConfigurationList section */
	};
	rootObject = 24370DC321FF0D07001CD868 /* Project object */;
}
